
Microsoft Visual Studio Solution File, Format Version 12.00
# Visual Studio 15
VisualStudioVersion = 15.0.26430.6
MinimumVisualStudioVersion = 10.0.40219.1
Project("{2150E333-8FDC-42A3-9474-1A3956D46DE8}") = "Src", "Src", "{4940FBD4-9322-477B-9E4C-2251859ABB94}"
EndProject
Project("{2150E333-8FDC-42A3-9474-1A3956D46DE8}") = "Test", "Test", "{BEDEA66B-45B0-49E9-AB11-A0B8D3C42539}"
EndProject
Project("{00D1A9C2-B5F0-4AF3-8072-F6C62B433612}") = "CRM.DataBaseProject", "Src\CRM.DataBaseProject\CRM.DataBaseProject.sqlproj", "{8D2244FA-4A13-4849-A705-C40D1774784C}"
EndProject
Global
	GlobalSection(SolutionConfigurationPlatforms) = preSolution
		Debug|Any CPU = Debug|Any CPU
		Release|Any CPU = Release|Any CPU
	EndGlobalSection
	GlobalSection(ProjectConfigurationPlatforms) = postSolution
		{8D2244FA-4A13-4849-A705-C40D1774784C}.Debug|Any CPU.ActiveCfg = Debug|Any CPU
		{8D2244FA-4A13-4849-A705-C40D1774784C}.Debug|Any CPU.Build.0 = Debug|Any CPU
		{8D2244FA-4A13-4849-A705-C40D1774784C}.Debug|Any CPU.Deploy.0 = Debug|Any CPU
		{8D2244FA-4A13-4849-A705-C40D1774784C}.Release|Any CPU.ActiveCfg = Release|Any CPU
		{8D2244FA-4A13-4849-A705-C40D1774784C}.Release|Any CPU.Build.0 = Release|Any CPU
		{8D2244FA-4A13-4849-A705-C40D1774784C}.Release|Any CPU.Deploy.0 = Release|Any CPU
	EndGlobalSection
	GlobalSection(SolutionProperties) = preSolution
		HideSolutionNode = FALSE
	EndGlobalSection
	GlobalSection(NestedProjects) = preSolution
		{8D2244FA-4A13-4849-A705-C40D1774784C} = {4940FBD4-9322-477B-9E4C-2251859ABB94}
	EndGlobalSection
EndGlobal
